// !$*UTF8*$!
{
	archiveVersion = 1;
	classes = {
	};
	objectVersion = 51;
	objects = {

/* Begin PBXBuildFile section */
		6F0D7B0A241803470071A184 /* UsuarioControllerEnum.swift in Sources */ = {isa = PBXBuildFile; fileRef = 6F0D7B09241803470071A184 /* UsuarioControllerEnum.swift */; };
		6F0D7B0C24180C090071A184 /* JuegoFavModel.swift in Sources */ = {isa = PBXBuildFile; fileRef = 6F0D7B0B24180C090071A184 /* JuegoFavModel.swift */; };
		6F1120A1240D7DB2004FDA91 /* AppDelegate.swift in Sources */ = {isa = PBXBuildFile; fileRef = 6F1120A0240D7DB2004FDA91 /* AppDelegate.swift */; };
		6F1120A3240D7DB2004FDA91 /* SceneDelegate.swift in Sources */ = {isa = PBXBuildFile; fileRef = 6F1120A2240D7DB2004FDA91 /* SceneDelegate.swift */; };
		6F1120AB240D7DB2004FDA91 /* GamesViewer.xcdatamodeld in Sources */ = {isa = PBXBuildFile; fileRef = 6F1120A9240D7DB2004FDA91 /* GamesViewer.xcdatamodeld */; };
		6F1120AD240D7DB3004FDA91 /* Assets.xcassets in Resources */ = {isa = PBXBuildFile; fileRef = 6F1120AC240D7DB3004FDA91 /* Assets.xcassets */; };
		6F1120B0240D7DB3004FDA91 /* LaunchScreen.storyboard in Resources */ = {isa = PBXBuildFile; fileRef = 6F1120AE240D7DB3004FDA91 /* LaunchScreen.storyboard */; };
		6F1120B9240D7E7D004FDA91 /* JuegoController.swift in Sources */ = {isa = PBXBuildFile; fileRef = 6F1120B8240D7E7D004FDA91 /* JuegoController.swift */; };
		6F170E5224181B2C008DA9CB /* FavoritosViewController.swift in Sources */ = {isa = PBXBuildFile; fileRef = 6F170E5124181B2C008DA9CB /* FavoritosViewController.swift */; };
		6F1F81B2241979B300CF669B /* InicioViewController.swift in Sources */ = {isa = PBXBuildFile; fileRef = 6F1F81B1241979B300CF669B /* InicioViewController.swift */; };
		6F1F81B424197A9D00CF669B /* JuegoOrderEnum.swift in Sources */ = {isa = PBXBuildFile; fileRef = 6F1F81B324197A9D00CF669B /* JuegoOrderEnum.swift */; };
		6F20CE052419394000F229B4 /* QRCodeViewController.swift in Sources */ = {isa = PBXBuildFile; fileRef = 6F20CE042419394000F229B4 /* QRCodeViewController.swift */; };
		6F2CC039240EB4760033B3B3 /* Main.storyboard in Resources */ = {isa = PBXBuildFile; fileRef = 6F2CC038240EB4760033B3B3 /* Main.storyboard */; };
		6F2CC03C240EE3400033B3B3 /* LoginViewController.swift in Sources */ = {isa = PBXBuildFile; fileRef = 6F2CC03B240EE3400033B3B3 /* LoginViewController.swift */; };
		6F2CC03E241004760033B3B3 /* RegisterViewController.swift in Sources */ = {isa = PBXBuildFile; fileRef = 6F2CC03D241004760033B3B3 /* RegisterViewController.swift */; };
		6F2CC0402410090D0033B3B3 /* UsuarioController.swift in Sources */ = {isa = PBXBuildFile; fileRef = 6F2CC03F2410090D0033B3B3 /* UsuarioController.swift */; };
		6F2CC042241018880033B3B3 /* Util.swift in Sources */ = {isa = PBXBuildFile; fileRef = 6F2CC041241018880033B3B3 /* Util.swift */; };
		6F2CC044241131810033B3B3 /* HomeViewController.swift in Sources */ = {isa = PBXBuildFile; fileRef = 6F2CC043241131810033B3B3 /* HomeViewController.swift */; };
		6F2CC0462411388E0033B3B3 /* UsuarioModel.swift in Sources */ = {isa = PBXBuildFile; fileRef = 6F2CC0452411388E0033B3B3 /* UsuarioModel.swift */; };
		6F3C81DF240D855800EDD888 /* JuegoModel.swift in Sources */ = {isa = PBXBuildFile; fileRef = 6F3C81DE240D855800EDD888 /* JuegoModel.swift */; };
		6F3C81E1240D86D200EDD888 /* PlataformaModel.swift in Sources */ = {isa = PBXBuildFile; fileRef = 6F3C81E0240D86D200EDD888 /* PlataformaModel.swift */; };
		6F7C3F7A24193E0600511283 /* QRModel.swift in Sources */ = {isa = PBXBuildFile; fileRef = 6F7C3F7924193E0600511283 /* QRModel.swift */; };
		6F81567B241ABFCD0028DCE8 /* NotificacionController.swift in Sources */ = {isa = PBXBuildFile; fileRef = 6F81567A241ABFCD0028DCE8 /* NotificacionController.swift */; };
		6F8F0E8A241184C6007CE00D /* EditDataViewController.swift in Sources */ = {isa = PBXBuildFile; fileRef = 6F8F0E89241184C6007CE00D /* EditDataViewController.swift */; };
		6F8F0E8C241191F7007CE00D /* PlataformaController.swift in Sources */ = {isa = PBXBuildFile; fileRef = 6F8F0E8B241191F7007CE00D /* PlataformaController.swift */; };
		6F8F0E8E241194F0007CE00D /* PlatformsViewController.swift in Sources */ = {isa = PBXBuildFile; fileRef = 6F8F0E8D241194F0007CE00D /* PlatformsViewController.swift */; };
		6F8F0E9024129EB9007CE00D /* CachedModel.swift in Sources */ = {isa = PBXBuildFile; fileRef = 6F8F0E8F24129EB9007CE00D /* CachedModel.swift */; };
		6F8F0E922412BFCA007CE00D /* PlataformaInfoViewController.swift in Sources */ = {isa = PBXBuildFile; fileRef = 6F8F0E912412BFCA007CE00D /* PlataformaInfoViewController.swift */; };
		6F8F0E952412CD76007CE00D /* Extensions.swift in Sources */ = {isa = PBXBuildFile; fileRef = 6F8F0E942412CD76007CE00D /* Extensions.swift */; };
		6F8F0E99241423C8007CE00D /* JuegoInfoViewController.swift in Sources */ = {isa = PBXBuildFile; fileRef = 6F8F0E98241423C8007CE00D /* JuegoInfoViewController.swift */; };
		6F8F0E9B24142502007CE00D /* JuegosPlataformaViewController.swift in Sources */ = {isa = PBXBuildFile; fileRef = 6F8F0E9A24142502007CE00D /* JuegosPlataformaViewController.swift */; };
		6FEB8CA92416BCB70071210A /* BuscarJuegosViewController.swift in Sources */ = {isa = PBXBuildFile; fileRef = 6FEB8CA82416BCB70071210A /* BuscarJuegosViewController.swift */; };
		6FF853152411631E008947D1 /* ConfigViewController.swift in Sources */ = {isa = PBXBuildFile; fileRef = 6FF853142411631E008947D1 /* ConfigViewController.swift */; };
		BED2D7445B4A81262F3836AD /* Pods_GamesViewer.framework in Frameworks */ = {isa = PBXBuildFile; fileRef = B14A7EA212090515911690DB /* Pods_GamesViewer.framework */; };
/* End PBXBuildFile section */

/* Begin PBXFileReference section */
		6F0D7B09241803470071A184 /* UsuarioControllerEnum.swift */ = {isa = PBXFileReference; lastKnownFileType = sourcecode.swift; path = UsuarioControllerEnum.swift; sourceTree = "<group>"; };
		6F0D7B0B24180C090071A184 /* JuegoFavModel.swift */ = {isa = PBXFileReference; lastKnownFileType = sourcecode.swift; path = JuegoFavModel.swift; sourceTree = "<group>"; };
		6F11209D240D7DB2004FDA91 /* GamesViewer.app */ = {isa = PBXFileReference; explicitFileType = wrapper.application; includeInIndex = 0; path = GamesViewer.app; sourceTree = BUILT_PRODUCTS_DIR; };
		6F1120A0240D7DB2004FDA91 /* AppDelegate.swift */ = {isa = PBXFileReference; lastKnownFileType = sourcecode.swift; path = AppDelegate.swift; sourceTree = "<group>"; };
		6F1120A2240D7DB2004FDA91 /* SceneDelegate.swift */ = {isa = PBXFileReference; lastKnownFileType = sourcecode.swift; path = SceneDelegate.swift; sourceTree = "<group>"; };
		6F1120AA240D7DB2004FDA91 /* GamesViewer.xcdatamodel */ = {isa = PBXFileReference; lastKnownFileType = wrapper.xcdatamodel; path = GamesViewer.xcdatamodel; sourceTree = "<group>"; };
		6F1120AC240D7DB3004FDA91 /* Assets.xcassets */ = {isa = PBXFileReference; lastKnownFileType = folder.assetcatalog; path = Assets.xcassets; sourceTree = "<group>"; };
		6F1120AF240D7DB3004FDA91 /* Base */ = {isa = PBXFileReference; lastKnownFileType = file.storyboard; name = Base; path = Base.lproj/LaunchScreen.storyboard; sourceTree = "<group>"; };
		6F1120B1240D7DB3004FDA91 /* Info.plist */ = {isa = PBXFileReference; lastKnownFileType = text.plist.xml; path = Info.plist; sourceTree = "<group>"; };
		6F1120B8240D7E7D004FDA91 /* JuegoController.swift */ = {isa = PBXFileReference; lastKnownFileType = sourcecode.swift; path = JuegoController.swift; sourceTree = "<group>"; };
		6F170E5124181B2C008DA9CB /* FavoritosViewController.swift */ = {isa = PBXFileReference; lastKnownFileType = sourcecode.swift; path = FavoritosViewController.swift; sourceTree = "<group>"; };
		6F1F81B1241979B300CF669B /* InicioViewController.swift */ = {isa = PBXFileReference; lastKnownFileType = sourcecode.swift; path = InicioViewController.swift; sourceTree = "<group>"; };
		6F1F81B324197A9D00CF669B /* JuegoOrderEnum.swift */ = {isa = PBXFileReference; lastKnownFileType = sourcecode.swift; path = JuegoOrderEnum.swift; sourceTree = "<group>"; };
		6F20CE042419394000F229B4 /* QRCodeViewController.swift */ = {isa = PBXFileReference; lastKnownFileType = sourcecode.swift; path = QRCodeViewController.swift; sourceTree = "<group>"; };
		6F2CC038240EB4760033B3B3 /* Main.storyboard */ = {isa = PBXFileReference; lastKnownFileType = file.storyboard; path = Main.storyboard; sourceTree = "<group>"; };
		6F2CC03B240EE3400033B3B3 /* LoginViewController.swift */ = {isa = PBXFileReference; lastKnownFileType = sourcecode.swift; path = LoginViewController.swift; sourceTree = "<group>"; };
		6F2CC03D241004760033B3B3 /* RegisterViewController.swift */ = {isa = PBXFileReference; lastKnownFileType = sourcecode.swift; path = RegisterViewController.swift; sourceTree = "<group>"; };
		6F2CC03F2410090D0033B3B3 /* UsuarioController.swift */ = {isa = PBXFileReference; lastKnownFileType = sourcecode.swift; path = UsuarioController.swift; sourceTree = "<group>"; };
		6F2CC041241018880033B3B3 /* Util.swift */ = {isa = PBXFileReference; lastKnownFileType = sourcecode.swift; path = Util.swift; sourceTree = "<group>"; };
		6F2CC043241131810033B3B3 /* HomeViewController.swift */ = {isa = PBXFileReference; lastKnownFileType = sourcecode.swift; path = HomeViewController.swift; sourceTree = "<group>"; };
		6F2CC0452411388E0033B3B3 /* UsuarioModel.swift */ = {isa = PBXFileReference; lastKnownFileType = sourcecode.swift; path = UsuarioModel.swift; sourceTree = "<group>"; };
		6F2CC04724115B6E0033B3B3 /* GamesViewer-Bridging-Header.h */ = {isa = PBXFileReference; lastKnownFileType = sourcecode.c.h; path = "GamesViewer-Bridging-Header.h"; sourceTree = "<group>"; };
		6F3C81DE240D855800EDD888 /* JuegoModel.swift */ = {isa = PBXFileReference; lastKnownFileType = sourcecode.swift; path = JuegoModel.swift; sourceTree = "<group>"; };
		6F3C81E0240D86D200EDD888 /* PlataformaModel.swift */ = {isa = PBXFileReference; lastKnownFileType = sourcecode.swift; path = PlataformaModel.swift; sourceTree = "<group>"; };
		6F7C3F7924193E0600511283 /* QRModel.swift */ = {isa = PBXFileReference; lastKnownFileType = sourcecode.swift; path = QRModel.swift; sourceTree = "<group>"; };
		6F81567A241ABFCD0028DCE8 /* NotificacionController.swift */ = {isa = PBXFileReference; lastKnownFileType = sourcecode.swift; path = NotificacionController.swift; sourceTree = "<group>"; };
		6F8F0E89241184C6007CE00D /* EditDataViewController.swift */ = {isa = PBXFileReference; lastKnownFileType = sourcecode.swift; path = EditDataViewController.swift; sourceTree = "<group>"; };
		6F8F0E8B241191F7007CE00D /* PlataformaController.swift */ = {isa = PBXFileReference; lastKnownFileType = sourcecode.swift; path = PlataformaController.swift; sourceTree = "<group>"; };
		6F8F0E8D241194F0007CE00D /* PlatformsViewController.swift */ = {isa = PBXFileReference; lastKnownFileType = sourcecode.swift; path = PlatformsViewController.swift; sourceTree = "<group>"; };
		6F8F0E8F24129EB9007CE00D /* CachedModel.swift */ = {isa = PBXFileReference; lastKnownFileType = sourcecode.swift; path = CachedModel.swift; sourceTree = "<group>"; };
		6F8F0E912412BFCA007CE00D /* PlataformaInfoViewController.swift */ = {isa = PBXFileReference; lastKnownFileType = sourcecode.swift; path = PlataformaInfoViewController.swift; sourceTree = "<group>"; };
		6F8F0E942412CD76007CE00D /* Extensions.swift */ = {isa = PBXFileReference; lastKnownFileType = sourcecode.swift; path = Extensions.swift; sourceTree = "<group>"; };
		6F8F0E98241423C8007CE00D /* JuegoInfoViewController.swift */ = {isa = PBXFileReference; lastKnownFileType = sourcecode.swift; path = JuegoInfoViewController.swift; sourceTree = "<group>"; };
		6F8F0E9A24142502007CE00D /* JuegosPlataformaViewController.swift */ = {isa = PBXFileReference; lastKnownFileType = sourcecode.swift; path = JuegosPlataformaViewController.swift; sourceTree = "<group>"; };
		6FEB8CA82416BCB70071210A /* BuscarJuegosViewController.swift */ = {isa = PBXFileReference; lastKnownFileType = sourcecode.swift; path = BuscarJuegosViewController.swift; sourceTree = "<group>"; };
		6FF853142411631E008947D1 /* ConfigViewController.swift */ = {isa = PBXFileReference; lastKnownFileType = sourcecode.swift; path = ConfigViewController.swift; sourceTree = "<group>"; };
		752876F8B1FD7556850BF1F2 /* Pods-GamesViewer.debug.xcconfig */ = {isa = PBXFileReference; includeInIndex = 1; lastKnownFileType = text.xcconfig; name = "Pods-GamesViewer.debug.xcconfig"; path = "Target Support Files/Pods-GamesViewer/Pods-GamesViewer.debug.xcconfig"; sourceTree = "<group>"; };
		B14A7EA212090515911690DB /* Pods_GamesViewer.framework */ = {isa = PBXFileReference; explicitFileType = wrapper.framework; includeInIndex = 0; path = Pods_GamesViewer.framework; sourceTree = BUILT_PRODUCTS_DIR; };
		C0314E92C2F27F2FE2675BD0 /* Pods-GamesViewer.release.xcconfig */ = {isa = PBXFileReference; includeInIndex = 1; lastKnownFileType = text.xcconfig; name = "Pods-GamesViewer.release.xcconfig"; path = "Target Support Files/Pods-GamesViewer/Pods-GamesViewer.release.xcconfig"; sourceTree = "<group>"; };
/* End PBXFileReference section */

/* Begin PBXFrameworksBuildPhase section */
		6F11209A240D7DB2004FDA91 /* Frameworks */ = {
			isa = PBXFrameworksBuildPhase;
			buildActionMask = 2147483647;
			files = (
				BED2D7445B4A81262F3836AD /* Pods_GamesViewer.framework in Frameworks */,
			);
			runOnlyForDeploymentPostprocessing = 0;
		};
/* End PBXFrameworksBuildPhase section */

/* Begin PBXGroup section */
		0A11FDCC82910E8E3054F4D5 /* Frameworks */ = {
			isa = PBXGroup;
			children = (
				B14A7EA212090515911690DB /* Pods_GamesViewer.framework */,
			);
			name = Frameworks;
			sourceTree = "<group>";
		};
		6F0D7B08241803270071A184 /* Enums */ = {
			isa = PBXGroup;
			children = (
				6F0D7B09241803470071A184 /* UsuarioControllerEnum.swift */,
				6F1F81B324197A9D00CF669B /* JuegoOrderEnum.swift */,
			);
			path = Enums;
			sourceTree = "<group>";
		};
		6F112094240D7DB2004FDA91 = {
			isa = PBXGroup;
			children = (
				6F11209F240D7DB2004FDA91 /* GamesViewer */,
				6F11209E240D7DB2004FDA91 /* Products */,
				73D7FC6DED567347533B8C54 /* Pods */,
				0A11FDCC82910E8E3054F4D5 /* Frameworks */,
			);
			sourceTree = "<group>";
		};
		6F11209E240D7DB2004FDA91 /* Products */ = {
			isa = PBXGroup;
			children = (
				6F11209D240D7DB2004FDA91 /* GamesViewer.app */,
			);
			name = Products;
			sourceTree = "<group>";
		};
		6F11209F240D7DB2004FDA91 /* GamesViewer */ = {
			isa = PBXGroup;
			children = (
				6F0D7B08241803270071A184 /* Enums */,
				6F8F0E932412CD66007CE00D /* Misc */,
				6F2CC03A240EE3010033B3B3 /* ViewControllers */,
				6F3C81DD240D854800EDD888 /* Models */,
				6F1120B7240D7E6E004FDA91 /* Controllers */,
				6F1120A0240D7DB2004FDA91 /* AppDelegate.swift */,
				6F2CC038240EB4760033B3B3 /* Main.storyboard */,
				6F1120A2240D7DB2004FDA91 /* SceneDelegate.swift */,
				6F1120AC240D7DB3004FDA91 /* Assets.xcassets */,
				6F1120AE240D7DB3004FDA91 /* LaunchScreen.storyboard */,
				6F1120B1240D7DB3004FDA91 /* Info.plist */,
				6F1120A9240D7DB2004FDA91 /* GamesViewer.xcdatamodeld */,
				6F2CC04724115B6E0033B3B3 /* GamesViewer-Bridging-Header.h */,
			);
			path = GamesViewer;
			sourceTree = "<group>";
		};
		6F1120B7240D7E6E004FDA91 /* Controllers */ = {
			isa = PBXGroup;
			children = (
				6F1120B8240D7E7D004FDA91 /* JuegoController.swift */,
				6F2CC03F2410090D0033B3B3 /* UsuarioController.swift */,
				6F8F0E8B241191F7007CE00D /* PlataformaController.swift */,
				6F81567A241ABFCD0028DCE8 /* NotificacionController.swift */,
			);
			path = Controllers;
			sourceTree = "<group>";
		};
		6F2CC03A240EE3010033B3B3 /* ViewControllers */ = {
			isa = PBXGroup;
			children = (
				6F2CC03B240EE3400033B3B3 /* LoginViewController.swift */,
				6F2CC03D241004760033B3B3 /* RegisterViewController.swift */,
				6F2CC043241131810033B3B3 /* HomeViewController.swift */,
				6FF853142411631E008947D1 /* ConfigViewController.swift */,
				6F8F0E89241184C6007CE00D /* EditDataViewController.swift */,
				6F8F0E8D241194F0007CE00D /* PlatformsViewController.swift */,
				6F8F0E912412BFCA007CE00D /* PlataformaInfoViewController.swift */,
				6F8F0E98241423C8007CE00D /* JuegoInfoViewController.swift */,
				6F8F0E9A24142502007CE00D /* JuegosPlataformaViewController.swift */,
				6FEB8CA82416BCB70071210A /* BuscarJuegosViewController.swift */,
				6F170E5124181B2C008DA9CB /* FavoritosViewController.swift */,
				6F20CE042419394000F229B4 /* QRCodeViewController.swift */,
				6F1F81B1241979B300CF669B /* InicioViewController.swift */,
			);
			path = ViewControllers;
			sourceTree = "<group>";
		};
		6F3C81DD240D854800EDD888 /* Models */ = {
			isa = PBXGroup;
			children = (
				6F3C81DE240D855800EDD888 /* JuegoModel.swift */,
				6F3C81E0240D86D200EDD888 /* PlataformaModel.swift */,
				6F2CC0452411388E0033B3B3 /* UsuarioModel.swift */,
				6F8F0E8F24129EB9007CE00D /* CachedModel.swift */,
				6F0D7B0B24180C090071A184 /* JuegoFavModel.swift */,
				6F7C3F7924193E0600511283 /* QRModel.swift */,
			);
			path = Models;
			sourceTree = "<group>";
		};
		6F8F0E932412CD66007CE00D /* Misc */ = {
			isa = PBXGroup;
			children = (
				6F2CC041241018880033B3B3 /* Util.swift */,
				6F8F0E942412CD76007CE00D /* Extensions.swift */,
			);
			path = Misc;
			sourceTree = "<group>";
		};
		73D7FC6DED567347533B8C54 /* Pods */ = {
			isa = PBXGroup;
			children = (
				752876F8B1FD7556850BF1F2 /* Pods-GamesViewer.debug.xcconfig */,
				C0314E92C2F27F2FE2675BD0 /* Pods-GamesViewer.release.xcconfig */,
			);
			path = Pods;
			sourceTree = "<group>";
		};
/* End PBXGroup section */

/* Begin PBXNativeTarget section */
		6F11209C240D7DB2004FDA91 /* GamesViewer */ = {
			isa = PBXNativeTarget;
			buildConfigurationList = 6F1120B4240D7DB3004FDA91 /* Build configuration list for PBXNativeTarget "GamesViewer" */;
			buildPhases = (
				1E44571D35383863832AC5E9 /* [CP] Check Pods Manifest.lock */,
				6F112099240D7DB2004FDA91 /* Sources */,
				6F11209A240D7DB2004FDA91 /* Frameworks */,
				6F11209B240D7DB2004FDA91 /* Resources */,
				C02635B88418C5EBD4A1B987 /* [CP] Embed Pods Frameworks */,
			);
			buildRules = (
			);
			dependencies = (
			);
			name = GamesViewer;
			productName = GamesViewer;
			productReference = 6F11209D240D7DB2004FDA91 /* GamesViewer.app */;
			productType = "com.apple.product-type.application";
		};
/* End PBXNativeTarget section */

/* Begin PBXProject section */
		6F112095240D7DB2004FDA91 /* Project object */ = {
			isa = PBXProject;
			attributes = {
				LastSwiftUpdateCheck = 1130;
				LastUpgradeCheck = 1130;
				ORGANIZATIONNAME = "MIMO UPSA";
				TargetAttributes = {
					6F11209C240D7DB2004FDA91 = {
						CreatedOnToolsVersion = 11.3.1;
						LastSwiftMigration = 1130;
					};
				};
			};
			buildConfigurationList = 6F112098240D7DB2004FDA91 /* Build configuration list for PBXProject "GamesViewer" */;
			compatibilityVersion = "Xcode 9.3";
			developmentRegion = en;
			hasScannedForEncodings = 0;
			knownRegions = (
				en,
				Base,
			);
			mainGroup = 6F112094240D7DB2004FDA91;
			productRefGroup = 6F11209E240D7DB2004FDA91 /* Products */;
			projectDirPath = "";
			projectRoot = "";
			targets = (
				6F11209C240D7DB2004FDA91 /* GamesViewer */,
			);
		};
/* End PBXProject section */

/* Begin PBXResourcesBuildPhase section */
		6F11209B240D7DB2004FDA91 /* Resources */ = {
			isa = PBXResourcesBuildPhase;
			buildActionMask = 2147483647;
			files = (
				6F2CC039240EB4760033B3B3 /* Main.storyboard in Resources */,
				6F1120B0240D7DB3004FDA91 /* LaunchScreen.storyboard in Resources */,
				6F1120AD240D7DB3004FDA91 /* Assets.xcassets in Resources */,
			);
			runOnlyForDeploymentPostprocessing = 0;
		};
/* End PBXResourcesBuildPhase section */

/* Begin PBXShellScriptBuildPhase section */
		1E44571D35383863832AC5E9 /* [CP] Check Pods Manifest.lock */ = {
			isa = PBXShellScriptBuildPhase;
			buildActionMask = 2147483647;
			files = (
			);
			inputFileListPaths = (
			);
			inputPaths = (
				"${PODS_PODFILE_DIR_PATH}/Podfile.lock",
				"${PODS_ROOT}/Manifest.lock",
			);
			name = "[CP] Check Pods Manifest.lock";
			outputFileListPaths = (
			);
			outputPaths = (
				"$(DERIVED_FILE_DIR)/Pods-GamesViewer-checkManifestLockResult.txt",
			);
			runOnlyForDeploymentPostprocessing = 0;
			shellPath = /bin/sh;
			shellScript = "diff \"${PODS_PODFILE_DIR_PATH}/Podfile.lock\" \"${PODS_ROOT}/Manifest.lock\" > /dev/null\nif [ $? != 0 ] ; then\n    # print error to STDERR\n    echo \"error: The sandbox is not in sync with the Podfile.lock. Run 'pod install' or update your CocoaPods installation.\" >&2\n    exit 1\nfi\n# This output is used by Xcode 'outputs' to avoid re-running this script phase.\necho \"SUCCESS\" > \"${SCRIPT_OUTPUT_FILE_0}\"\n";
			showEnvVarsInLog = 0;
		};
		C02635B88418C5EBD4A1B987 /* [CP] Embed Pods Frameworks */ = {
			isa = PBXShellScriptBuildPhase;
			buildActionMask = 2147483647;
			files = (
			);
			inputFileListPaths = (
				"${PODS_ROOT}/Target Support Files/Pods-GamesViewer/Pods-GamesViewer-frameworks-${CONFIGURATION}-input-files.xcfilelist",
			);
			name = "[CP] Embed Pods Frameworks";
			outputFileListPaths = (
				"${PODS_ROOT}/Target Support Files/Pods-GamesViewer/Pods-GamesViewer-frameworks-${CONFIGURATION}-output-files.xcfilelist",
			);
			runOnlyForDeploymentPostprocessing = 0;
			shellPath = /bin/sh;
			shellScript = "\"${PODS_ROOT}/Target Support Files/Pods-GamesViewer/Pods-GamesViewer-frameworks.sh\"\n";
			showEnvVarsInLog = 0;
		};
/* End PBXShellScriptBuildPhase section */

/* Begin PBXSourcesBuildPhase section */
		6F112099240D7DB2004FDA91 /* Sources */ = {
			isa = PBXSourcesBuildPhase;
			buildActionMask = 2147483647;
			files = (
				6F2CC03C240EE3400033B3B3 /* LoginViewController.swift in Sources */,
				6F8F0E99241423C8007CE00D /* JuegoInfoViewController.swift in Sources */,
				6F20CE052419394000F229B4 /* QRCodeViewController.swift in Sources */,
				6FEB8CA92416BCB70071210A /* BuscarJuegosViewController.swift in Sources */,
				6F2CC0402410090D0033B3B3 /* UsuarioController.swift in Sources */,
				6F3C81E1240D86D200EDD888 /* PlataformaModel.swift in Sources */,
				6F1120B9240D7E7D004FDA91 /* JuegoController.swift in Sources */,
				6F0D7B0C24180C090071A184 /* JuegoFavModel.swift in Sources */,
				6F2CC03E241004760033B3B3 /* RegisterViewController.swift in Sources */,
				6FF853152411631E008947D1 /* ConfigViewController.swift in Sources */,
				6F3C81DF240D855800EDD888 /* JuegoModel.swift in Sources */,
				6F8F0E952412CD76007CE00D /* Extensions.swift in Sources */,
				6F1120A1240D7DB2004FDA91 /* AppDelegate.swift in Sources */,
				6F8F0E8A241184C6007CE00D /* EditDataViewController.swift in Sources */,
				6F2CC044241131810033B3B3 /* HomeViewController.swift in Sources */,
				6F7C3F7A24193E0600511283 /* QRModel.swift in Sources */,
				6F170E5224181B2C008DA9CB /* FavoritosViewController.swift in Sources */,
				6F1F81B424197A9D00CF669B /* JuegoOrderEnum.swift in Sources */,
				6F0D7B0A241803470071A184 /* UsuarioControllerEnum.swift in Sources */,
				6F2CC042241018880033B3B3 /* Util.swift in Sources */,
				6F8F0E922412BFCA007CE00D /* PlataformaInfoViewController.swift in Sources */,
				6F81567B241ABFCD0028DCE8 /* NotificacionController.swift in Sources */,
				6F8F0E8C241191F7007CE00D /* PlataformaController.swift in Sources */,
				6F8F0E9B24142502007CE00D /* JuegosPlataformaViewController.swift in Sources */,
				6F8F0E9024129EB9007CE00D /* CachedModel.swift in Sources */,
				6F1F81B2241979B300CF669B /* InicioViewController.swift in Sources */,
				6F1120A3240D7DB2004FDA91 /* SceneDelegate.swift in Sources */,
				6F2CC0462411388E0033B3B3 /* UsuarioModel.swift in Sources */,
				6F1120AB240D7DB2004FDA91 /* GamesViewer.xcdatamodeld in Sources */,
				6F8F0E8E241194F0007CE00D /* PlatformsViewController.swift in Sources */,
			);
			runOnlyForDeploymentPostprocessing = 0;
		};
/* End PBXSourcesBuildPhase section */

/* Begin PBXVariantGroup section */
		6F1120AE240D7DB3004FDA91 /* LaunchScreen.storyboard */ = {
			isa = PBXVariantGroup;
			children = (
				6F1120AF240D7DB3004FDA91 /* Base */,
			);
			name = LaunchScreen.storyboard;
			sourceTree = "<group>";
		};
/* End PBXVariantGroup section */

/* Begin XCBuildConfiguration section */
		6F1120B2240D7DB3004FDA91 /* Debug */ = {
			isa = XCBuildConfiguration;
			buildSettings = {
				ALWAYS_SEARCH_USER_PATHS = NO;
				CLANG_ANALYZER_NONNULL = YES;
				CLANG_ANALYZER_NUMBER_OBJECT_CONVERSION = YES_AGGRESSIVE;
				CLANG_CXX_LANGUAGE_STANDARD = "gnu++14";
				CLANG_CXX_LIBRARY = "libc++";
				CLANG_ENABLE_MODULES = YES;
				CLANG_ENABLE_OBJC_ARC = YES;
				CLANG_ENABLE_OBJC_WEAK = YES;
				CLANG_WARN_BLOCK_CAPTURE_AUTORELEASING = YES;
				CLANG_WARN_BOOL_CONVERSION = YES;
				CLANG_WARN_COMMA = YES;
				CLANG_WARN_CONSTANT_CONVERSION = YES;
				CLANG_WARN_DEPRECATED_OBJC_IMPLEMENTATIONS = YES;
				CLANG_WARN_DIRECT_OBJC_ISA_USAGE = YES_ERROR;
				CLANG_WARN_DOCUMENTATION_COMMENTS = YES;
				CLANG_WARN_EMPTY_BODY = YES;
				CLANG_WARN_ENUM_CONVERSION = YES;
				CLANG_WARN_INFINITE_RECURSION = YES;
				CLANG_WARN_INT_CONVERSION = YES;
				CLANG_WARN_NON_LITERAL_NULL_CONVERSION = YES;
				CLANG_WARN_OBJC_IMPLICIT_RETAIN_SELF = YES;
				CLANG_WARN_OBJC_LITERAL_CONVERSION = YES;
				CLANG_WARN_OBJC_ROOT_CLASS = YES_ERROR;
				CLANG_WARN_RANGE_LOOP_ANALYSIS = YES;
				CLANG_WARN_STRICT_PROTOTYPES = YES;
				CLANG_WARN_SUSPICIOUS_MOVE = YES;
				CLANG_WARN_UNGUARDED_AVAILABILITY = YES_AGGRESSIVE;
				CLANG_WARN_UNREACHABLE_CODE = YES;
				CLANG_WARN__DUPLICATE_METHOD_MATCH = YES;
				COPY_PHASE_STRIP = NO;
				DEBUG_INFORMATION_FORMAT = dwarf;
				ENABLE_STRICT_OBJC_MSGSEND = YES;
				ENABLE_TESTABILITY = YES;
				GCC_C_LANGUAGE_STANDARD = gnu11;
				GCC_DYNAMIC_NO_PIC = NO;
				GCC_NO_COMMON_BLOCKS = YES;
				GCC_OPTIMIZATION_LEVEL = 0;
				GCC_PREPROCESSOR_DEFINITIONS = (
					"DEBUG=1",
					"$(inherited)",
				);
				GCC_WARN_64_TO_32_BIT_CONVERSION = YES;
				GCC_WARN_ABOUT_RETURN_TYPE = YES_ERROR;
				GCC_WARN_UNDECLARED_SELECTOR = YES;
				GCC_WARN_UNINITIALIZED_AUTOS = YES_AGGRESSIVE;
				GCC_WARN_UNUSED_FUNCTION = YES;
				GCC_WARN_UNUSED_VARIABLE = YES;
				IPHONEOS_DEPLOYMENT_TARGET = 13.0;
				MTL_ENABLE_DEBUG_INFO = INCLUDE_SOURCE;
				MTL_FAST_MATH = YES;
				ONLY_ACTIVE_ARCH = YES;
				SDKROOT = iphoneos;
				SWIFT_ACTIVE_COMPILATION_CONDITIONS = DEBUG;
				SWIFT_OPTIMIZATION_LEVEL = "-Onone";
			};
			name = Debug;
		};
		6F1120B3240D7DB3004FDA91 /* Release */ = {
			isa = XCBuildConfiguration;
			buildSettings = {
				ALWAYS_SEARCH_USER_PATHS = NO;
				CLANG_ANALYZER_NONNULL = YES;
				CLANG_ANALYZER_NUMBER_OBJECT_CONVERSION = YES_AGGRESSIVE;
				CLANG_CXX_LANGUAGE_STANDARD = "gnu++14";
				CLANG_CXX_LIBRARY = "libc++";
				CLANG_ENABLE_MODULES = YES;
				CLANG_ENABLE_OBJC_ARC = YES;
				CLANG_ENABLE_OBJC_WEAK = YES;
				CLANG_WARN_BLOCK_CAPTURE_AUTORELEASING = YES;
				CLANG_WARN_BOOL_CONVERSION = YES;
				CLANG_WARN_COMMA = YES;
				CLANG_WARN_CONSTANT_CONVERSION = YES;
				CLANG_WARN_DEPRECATED_OBJC_IMPLEMENTATIONS = YES;
				CLANG_WARN_DIRECT_OBJC_ISA_USAGE = YES_ERROR;
				CLANG_WARN_DOCUMENTATION_COMMENTS = YES;
				CLANG_WARN_EMPTY_BODY = YES;
				CLANG_WARN_ENUM_CONVERSION = YES;
				CLANG_WARN_INFINITE_RECURSION = YES;
				CLANG_WARN_INT_CONVERSION = YES;
				CLANG_WARN_NON_LITERAL_NULL_CONVERSION = YES;
				CLANG_WARN_OBJC_IMPLICIT_RETAIN_SELF = YES;
				CLANG_WARN_OBJC_LITERAL_CONVERSION = YES;
				CLANG_WARN_OBJC_ROOT_CLASS = YES_ERROR;
				CLANG_WARN_RANGE_LOOP_ANALYSIS = YES;
				CLANG_WARN_STRICT_PROTOTYPES = YES;
				CLANG_WARN_SUSPICIOUS_MOVE = YES;
				CLANG_WARN_UNGUARDED_AVAILABILITY = YES_AGGRESSIVE;
				CLANG_WARN_UNREACHABLE_CODE = YES;
				CLANG_WARN__DUPLICATE_METHOD_MATCH = YES;
				COPY_PHASE_STRIP = NO;
				DEBUG_INFORMATION_FORMAT = "dwarf-with-dsym";
				ENABLE_NS_ASSERTIONS = NO;
				ENABLE_STRICT_OBJC_MSGSEND = YES;
				GCC_C_LANGUAGE_STANDARD = gnu11;
				GCC_NO_COMMON_BLOCKS = YES;
				GCC_WARN_64_TO_32_BIT_CONVERSION = YES;
				GCC_WARN_ABOUT_RETURN_TYPE = YES_ERROR;
				GCC_WARN_UNDECLARED_SELECTOR = YES;
				GCC_WARN_UNINITIALIZED_AUTOS = YES_AGGRESSIVE;
				GCC_WARN_UNUSED_FUNCTION = YES;
				GCC_WARN_UNUSED_VARIABLE = YES;
				IPHONEOS_DEPLOYMENT_TARGET = 13.0;
				MTL_ENABLE_DEBUG_INFO = NO;
				MTL_FAST_MATH = YES;
				SDKROOT = iphoneos;
				SWIFT_COMPILATION_MODE = wholemodule;
				SWIFT_OPTIMIZATION_LEVEL = "-O";
				VALIDATE_PRODUCT = YES;
			};
			name = Release;
		};
		6F1120B5240D7DB3004FDA91 /* Debug */ = {
			isa = XCBuildConfiguration;
			baseConfigurationReference = 752876F8B1FD7556850BF1F2 /* Pods-GamesViewer.debug.xcconfig */;
			buildSettings = {
				ASSETCATALOG_COMPILER_APPICON_NAME = AppIcon;
				CLANG_ENABLE_MODULES = YES;
				CODE_SIGN_STYLE = Automatic;
				DEVELOPMENT_TEAM = A5UCFNWB8C;
				INFOPLIST_FILE = GamesViewer/Info.plist;
				IPHONEOS_DEPLOYMENT_TARGET = 13.0;
				LD_RUNPATH_SEARCH_PATHS = (
					"$(inherited)",
					"@executable_path/Frameworks",
				);
				PRODUCT_BUNDLE_IDENTIFIER = es.upsa.mimo.GamesViewer;
				PRODUCT_NAME = "$(TARGET_NAME)";
				SWIFT_OBJC_BRIDGING_HEADER = "GamesViewer/GamesViewer-Bridging-Header.h";
				SWIFT_OPTIMIZATION_LEVEL = "-Onone";
				SWIFT_VERSION = 5.0;
				TARGETED_DEVICE_FAMILY = "1,2";
			};
			name = Debug;
		};
		6F1120B6240D7DB3004FDA91 /* Release */ = {
			isa = XCBuildConfiguration;
			baseConfigurationReference = C0314E92C2F27F2FE2675BD0 /* Pods-GamesViewer.release.xcconfig */;
			buildSettings = {
				ASSETCATALOG_COMPILER_APPICON_NAME = AppIcon;
				CLANG_ENABLE_MODULES = YES;
				CODE_SIGN_STYLE = Automatic;
				DEVELOPMENT_TEAM = A5UCFNWB8C;
				INFOPLIST_FILE = GamesViewer/Info.plist;
				IPHONEOS_DEPLOYMENT_TARGET = 13.0;
				LD_RUNPATH_SEARCH_PATHS = (
					"$(inherited)",
					"@executable_path/Frameworks",
				);
				PRODUCT_BUNDLE_IDENTIFIER = es.upsa.mimo.GamesViewer;
				PRODUCT_NAME = "$(TARGET_NAME)";
				SWIFT_OBJC_BRIDGING_HEADER = "GamesViewer/GamesViewer-Bridging-Header.h";
				SWIFT_VERSION = 5.0;
				TARGETED_DEVICE_FAMILY = "1,2";
			};
			name = Release;
		};
/* End XCBuildConfiguration section */

/* Begin XCConfigurationList section */
		6F112098240D7DB2004FDA91 /* Build configuration list for PBXProject "GamesViewer" */ = {
			isa = XCConfigurationList;
			buildConfigurations = (
				6F1120B2240D7DB3004FDA91 /* Debug */,
				6F1120B3240D7DB3004FDA91 /* Release */,
			);
			defaultConfigurationIsVisible = 0;
			defaultConfigurationName = Release;
		};
		6F1120B4240D7DB3004FDA91 /* Build configuration list for PBXNativeTarget "GamesViewer" */ = {
			isa = XCConfigurationList;
			buildConfigurations = (
				6F1120B5240D7DB3004FDA91 /* Debug */,
				6F1120B6240D7DB3004FDA91 /* Release */,
			);
			defaultConfigurationIsVisible = 0;
			defaultConfigurationName = Release;
		};
/* End XCConfigurationList section */

/* Begin XCVersionGroup section */
		6F1120A9240D7DB2004FDA91 /* GamesViewer.xcdatamodeld */ = {
			isa = XCVersionGroup;
			children = (
				6F1120AA240D7DB2004FDA91 /* GamesViewer.xcdatamodel */,
			);
			currentVersion = 6F1120AA240D7DB2004FDA91 /* GamesViewer.xcdatamodel */;
			path = GamesViewer.xcdatamodeld;
			sourceTree = "<group>";
			versionGroupType = wrapper.xcdatamodel;
		};
/* End XCVersionGroup section */
	};
	rootObject = 6F112095240D7DB2004FDA91 /* Project object */;
}
